
Microsoft Visual Studio Solution File, Format Version 12.00
# Visual Studio Version 17
VisualStudioVersion = 17.3.32811.315
MinimumVisualStudioVersion = 10.0.40219.1
Project("{FAE04EC0-301F-11D3-BF4B-00C04F79EFBC}") = "Uppgift 4.1", "Uppgift 4.1\Uppgift 4.1.csproj", "{4F58D6A5-15DC-4FDA-AF73-5F4A52758CEC}"
EndProject
Global
	GlobalSection(SolutionConfigurationPlatforms) = preSolution
		Debug|Any CPU = Debug|Any CPU
		Release|Any CPU = Release|Any CPU
	EndGlobalSection
	GlobalSection(ProjectConfigurationPlatforms) = postSolution
		{4F58D6A5-15DC-4FDA-AF73-5F4A52758CEC}.Debug|Any CPU.ActiveCfg = Debug|Any CPU
		{4F58D6A5-15DC-4FDA-AF73-5F4A52758CEC}.Debug|Any CPU.Build.0 = Debug|Any CPU
		{4F58D6A5-15DC-4FDA-AF73-5F4A52758CEC}.Release|Any CPU.ActiveCfg = Release|Any CPU
		{4F58D6A5-15DC-4FDA-AF73-5F4A52758CEC}.Release|Any CPU.Build.0 = Release|Any CPU
	EndGlobalSection
	GlobalSection(SolutionProperties) = preSolution
		HideSolutionNode = FALSE
	EndGlobalSection
	GlobalSection(ExtensibilityGlobals) = postSolution
		SolutionGuid = {9DB4F084-E8ED-4037-A9C2-BFCE459C7D88}
	EndGlobalSection
EndGlobal
